
Microsoft Visual Studio Solution File, Format Version 12.00
# Visual Studio 15
Project("{FAE04EC0-301F-11D3-BF4B-00C04F79EFBC}") = "Assembly-CSharp", "Assembly-CSharp.csproj", "{9E93E3FC-01F3-3B8E-F0EC-2A0B999724AE}"
EndProject
Project("{FAE04EC0-301F-11D3-BF4B-00C04F79EFBC}") = "UniRx", "UniRx.csproj", "{9AFC114C-08A6-5D9B-2A47-DEADC295982F}"
EndProject
Project("{FAE04EC0-301F-11D3-BF4B-00C04F79EFBC}") = "UniRx.Examples", "UniRx.Examples.csproj", "{107132AC-7B0F-82E8-7284-A01C5977F633}"
EndProject
Global
	GlobalSection(SolutionConfigurationPlatforms) = preSolution
		Debug|Any CPU = Debug|Any CPU
		Release|Any CPU = Release|Any CPU
	EndGlobalSection
	GlobalSection(ProjectConfigurationPlatforms) = postSolution
		{9E93E3FC-01F3-3B8E-F0EC-2A0B999724AE}.Debug|Any CPU.ActiveCfg = Debug|Any CPU
		{9E93E3FC-01F3-3B8E-F0EC-2A0B999724AE}.Debug|Any CPU.Build.0 = Debug|Any CPU
		{9E93E3FC-01F3-3B8E-F0EC-2A0B999724AE}.Release|Any CPU.ActiveCfg = Release|Any CPU
		{9E93E3FC-01F3-3B8E-F0EC-2A0B999724AE}.Release|Any CPU.Build.0 = Release|Any CPU
		{9AFC114C-08A6-5D9B-2A47-DEADC295982F}.Debug|Any CPU.ActiveCfg = Debug|Any CPU
		{9AFC114C-08A6-5D9B-2A47-DEADC295982F}.Debug|Any CPU.Build.0 = Debug|Any CPU
		{9AFC114C-08A6-5D9B-2A47-DEADC295982F}.Release|Any CPU.ActiveCfg = Release|Any CPU
		{9AFC114C-08A6-5D9B-2A47-DEADC295982F}.Release|Any CPU.Build.0 = Release|Any CPU
		{107132AC-7B0F-82E8-7284-A01C5977F633}.Debug|Any CPU.ActiveCfg = Debug|Any CPU
		{107132AC-7B0F-82E8-7284-A01C5977F633}.Debug|Any CPU.Build.0 = Debug|Any CPU
		{107132AC-7B0F-82E8-7284-A01C5977F633}.Release|Any CPU.ActiveCfg = Release|Any CPU
		{107132AC-7B0F-82E8-7284-A01C5977F633}.Release|Any CPU.Build.0 = Release|Any CPU
	EndGlobalSection
	GlobalSection(SolutionProperties) = preSolution
		HideSolutionNode = FALSE
	EndGlobalSection
EndGlobal
